{
  "nodes": {
    "disko": {
      "inputs": {
        "nixpkgs": [
          "nixpkgs-current"
        ]
      },
      "locked": {
        "lastModified": 1768920986,
        "narHash": "sha256-CNzzBsRhq7gg4BMBuTDObiWDH/rFYHEuDRVOwCcwXw4=",
        "owner": "nix-community",
        "repo": "disko",
        "rev": "de5708739256238fb912c62f03988815db89ec9a",
        "type": "github"
      },
      "original": {
        "owner": "nix-community",
        "ref": "latest",
        "repo": "disko",
        "type": "github"
      }
    },
    "flakegen": {
      "inputs": {
        "systems": "systems"
      },
      "locked": {
        "lastModified": 1767097226,
        "narHash": "sha256-fl5xVPr5u01tdad3j0ktje3VcNacS82W8l+Zssk0gvc=",
        "owner": "jorsn",
        "repo": "flakegen",
        "rev": "6e28ed4b4670b34bf778d55b7eb1e335eba99c66",
        "type": "github"
      },
      "original": {
        "owner": "jorsn",
        "repo": "flakegen",
        "type": "github"
      }
    },
    "home-manager-26-05": {
      "inputs": {
        "nixpkgs": [
          "nixpkgs-26-05"
        ]
      },
      "locked": {
        "lastModified": 1781319724,
        "narHash": "sha256-ZGuxexEMo4Xv28KJ0dX/m/PHN4oZIOnxHZpNTyrvx4M=",
        "owner": "nix-community",
        "repo": "home-manager",
        "rev": "8355f0a16b2dbb06a97959a918af5b239bbe05ae",
        "type": "github"
      },
      "original": {
        "owner": "nix-community",
        "ref": "release-26.05",
        "repo": "home-manager",
        "type": "github"
      }
    },
    "nixpkgs-26-05": {
      "locked": {
        "lastModified": 1781216227,
        "narHash": "sha256-9mUW6gNwoN2SWc/l0fW4svPNOulXLl8ijqKyeSOGgJE=",
        "owner": "NixOS",
        "repo": "nixpkgs",
        "rev": "a0374025a863d007d98e3297f6aa46cc3141c2f0",
        "type": "github"
      },
      "original": {
        "owner": "NixOS",
        "ref": "nixos-26.05",
        "repo": "nixpkgs",
        "type": "github"
      }
    },
    "nixpkgs-current": {
      "locked": {
        "lastModified": 1781216227,
        "narHash": "sha256-9mUW6gNwoN2SWc/l0fW4svPNOulXLl8ijqKyeSOGgJE=",
        "owner": "NixOS",
        "repo": "nixpkgs",
        "rev": "a0374025a863d007d98e3297f6aa46cc3141c2f0",
        "type": "github"
      },
      "original": {
        "owner": "NixOS",
        "ref": "nixos-26.05",
        "repo": "nixpkgs",
        "type": "github"
      }
    },
    "nixpkgs-unstable": {
      "locked": {
        "lastModified": 1781074563,
        "narHash": "sha256-md8WlXOlfnIeHeOScMTTHFyf2d6iaTwPl2apR5EQ3P4=",
        "owner": "NixOS",
        "repo": "nixpkgs",
        "rev": "9ae611a455b90cf061d8f332b977e387bda8e1ca",
        "type": "github"
      },
      "original": {
        "owner": "NixOS",
        "ref": "nixos-unstable",
        "repo": "nixpkgs",
        "type": "github"
      }
    },
    "root": {
      "inputs": {
        "disko": "disko",
        "flakegen": "flakegen",
        "home-manager-26-05": "home-manager-26-05",
        "nixpkgs-26-05": "nixpkgs-26-05",
        "nixpkgs-current": "nixpkgs-current",
        "nixpkgs-unstable": "nixpkgs-unstable"
      }
    },
    "systems": {
      "locked": {
        "lastModified": 1681028828,
        "narHash": "sha256-Vy1rq5AaRuLzOxct8nz4T6wlgyUR7zLU309k9mBC768=",
        "owner": "nix-systems",
        "repo": "default",
        "rev": "da67096a3b9bf56a91d16901293e51ba5b49a27e",
        "type": "github"
      },
      "original": {
        "owner": "nix-systems",
        "repo": "default",
        "type": "github"
      }
    }
  },
  "root": "root",
  "version": 7
}
